{
  "name": "gridsome-plugin-gtm",
  "version": "0.1.1",
  "lockfileVersion": 2,
  "requires": true,
  "packages": {
    "": {
      "version": "0.1.1",
      "license": "MIT",
      "dependencies": {
        "@gtm-support/vue2-gtm": "^1.0.0"
      },
      "engines": {
        "node": ">=8"
      }
    },
    "node_modules/@gtm-support/core": {
      "version": "1.0.0",
      "resolved": "https://registry.npmjs.org/@gtm-support/core/-/core-1.0.0.tgz",
      "integrity": "sha512-nti5xrAZYzfZ74KIHoe5KmUo+vF7wJT8km0QuzZzAu8m2DRGPPHfBke2RPR0QDlyFCy/2mdD94+hMV51D/P4GA=="
    },
    "node_modules/@gtm-support/vue2-gtm": {
      "version": "1.0.0",
      "resolved": "https://registry.npmjs.org/@gtm-support/vue2-gtm/-/vue2-gtm-1.0.0.tgz",
      "integrity": "sha512-MIkchCSc8hwwpx/oirYh8oa3oYMZlGSBI7dbwtJIxoTmpcVfDWamHapy2Ao3qis4P1g/FMFMYtFzbV1/SsGxoA==",
      "dependencies": {
        "@gtm-support/core": "1.0.0"
      },
      "peerDependencies": {
        "vue": "^2.6.12"
      }
    },
    "node_modules/vue": {
      "version": "2.6.12",
      "resolved": "https://registry.npmjs.org/vue/-/vue-2.6.12.tgz",
      "integrity": "sha512-uhmLFETqPPNyuLLbsKz6ioJ4q7AZHzD8ZVFNATNyICSZouqP2Sz0rotWQC8UNBF6VGSCs5abnKJoStA6JbCbfg==",
      "peer": true
    }
  },
  "dependencies": {
    "@gtm-support/core": {
      "version": "1.0.0",
      "resolved": "https://registry.npmjs.org/@gtm-support/core/-/core-1.0.0.tgz",
      "integrity": "sha512-nti5xrAZYzfZ74KIHoe5KmUo+vF7wJT8km0QuzZzAu8m2DRGPPHfBke2RPR0QDlyFCy/2mdD94+hMV51D/P4GA=="
    },
    "@gtm-support/vue2-gtm": {
      "version": "1.0.0",
      "resolved": "https://registry.npmjs.org/@gtm-support/vue2-gtm/-/vue2-gtm-1.0.0.tgz",
      "integrity": "sha512-MIkchCSc8hwwpx/oirYh8oa3oYMZlGSBI7dbwtJIxoTmpcVfDWamHapy2Ao3qis4P1g/FMFMYtFzbV1/SsGxoA==",
      "requires": {
        "@gtm-support/core": "1.0.0"
      }
    },
    "vue": {
      "version": "2.6.12",
      "resolved": "https://registry.npmjs.org/vue/-/vue-2.6.12.tgz",
      "integrity": "sha512-uhmLFETqPPNyuLLbsKz6ioJ4q7AZHzD8ZVFNATNyICSZouqP2Sz0rotWQC8UNBF6VGSCs5abnKJoStA6JbCbfg==",
      "peer": true
    }
  }
}
